{
  "name": "ellipse-mounted-loci-p5js",
  "version": "1.0.0",
  "lockfileVersion": 1,
  "requires": true,
  "dependencies": {
    "@mapbox/geojson-area": {
      "version": "0.2.2",
      "resolved": "https://registry.npmjs.org/@mapbox/geojson-area/-/geojson-area-0.2.2.tgz",
      "integrity": "sha1-GNeBSqNr8j+7zDefjiaiKSfevxA=",
      "requires": {
        "wgs84": "0.0.0"
      }
    },
    "@turf/area": {
      "version": "4.7.3",
      "resolved": "https://registry.npmjs.org/@turf/area/-/area-4.7.3.tgz",
      "integrity": "sha1-XMRbWlJOmOHBcecZBwnGacppkwU=",
      "requires": {
        "@mapbox/geojson-area": "^0.2.2",
        "@turf/meta": "^4.7.3"
      }
    },
    "@turf/helpers": {
      "version": "4.7.3",
      "resolved": "https://registry.npmjs.org/@turf/helpers/-/helpers-4.7.3.tgz",
      "integrity": "sha1-vDEqxDyrPFMqSDFRxMOCxWSUKek="
    },
    "@turf/inside": {
      "version": "4.7.3",
      "resolved": "https://registry.npmjs.org/@turf/inside/-/inside-4.7.3.tgz",
      "integrity": "sha1-5KhJafKIaJGzQ7Ebg/2jCV+6VCw=",
      "requires": {
        "@turf/invariant": "^4.7.3"
      }
    },
    "@turf/invariant": {
      "version": "4.7.3",
      "resolved": "https://registry.npmjs.org/@turf/invariant/-/invariant-4.7.3.tgz",
      "integrity": "sha1-U482fSPBE/yEnXDJpSS4Vjh0YB0="
    },
    "@turf/meta": {
      "version": "4.7.4",
      "resolved": "https://registry.npmjs.org/@turf/meta/-/meta-4.7.4.tgz",
      "integrity": "sha1-beLx6YkLj2S2aeS0fAmyCJMGOXc="
    },
    "@turf/within": {
      "version": "4.7.3",
      "resolved": "https://registry.npmjs.org/@turf/within/-/within-4.7.3.tgz",
      "integrity": "sha1-Qas8FS9qjAXKpaNFyX3TNNSa7xM=",
      "requires": {
        "@turf/helpers": "^4.7.3",
        "@turf/inside": "^4.7.3"
      }
    },
    "debug": {
      "version": "2.6.9",
      "resolved": "https://registry.npmjs.org/debug/-/debug-2.6.9.tgz",
      "integrity": "sha512-bC7ElrdJaJnPbAP+1EotYvqZsb3ecl5wi6Bfi6BJTUcNowp6cvspg0jXznRTKDjm/E7AdgFBVeAPVMNcKGsHMA==",
      "requires": {
        "ms": "2.0.0"
      }
    },
    "geojson-polygon-self-intersections": {
      "version": "1.2.1",
      "resolved": "https://registry.npmjs.org/geojson-polygon-self-intersections/-/geojson-polygon-self-intersections-1.2.1.tgz",
      "integrity": "sha512-/QM1b5u2d172qQVO//9CGRa49jEmclKEsYOQmWP9ooEjj63tBM51m2805xsbxkzlEELQ2REgTf700gUhhlegxA==",
      "requires": {
        "rbush": "^2.0.1"
      }
    },
    "ms": {
      "version": "2.0.0",
      "resolved": "https://registry.npmjs.org/ms/-/ms-2.0.0.tgz",
      "integrity": "sha1-VgiurfwAvmwpAd9fmGF4jeDVl8g="
    },
    "quickselect": {
      "version": "1.1.1",
      "resolved": "https://registry.npmjs.org/quickselect/-/quickselect-1.1.1.tgz",
      "integrity": "sha512-qN0Gqdw4c4KGPsBOQafj6yj/PA6c/L63f6CaZ/DCF/xF4Esu3jVmKLUDYxghFx8Kb/O7y9tI7x2RjTSXwdK1iQ=="
    },
    "rbush": {
      "version": "2.0.2",
      "resolved": "https://registry.npmjs.org/rbush/-/rbush-2.0.2.tgz",
      "integrity": "sha512-XBOuALcTm+O/H8G90b6pzu6nX6v2zCKiFG4BJho8a+bY6AER6t8uQUZdi5bomQc0AprCWhEGa7ncAbbRap0bRA==",
      "requires": {
        "quickselect": "^1.0.1"
      }
    },
    "simplepolygon": {
      "version": "1.2.3",
      "resolved": "https://registry.npmjs.org/simplepolygon/-/simplepolygon-1.2.3.tgz",
      "integrity": "sha512-7k9L4hOyKoFm6T9+whTXBt4Yv/tpJqPz7tMnaTbESXTunNm4h6AmiNCy8F0vKqlP1UHabRoj9iqgtuwaVI+wiA==",
      "requires": {
        "@turf/area": "^4.5.0",
        "@turf/helpers": "^4.5.0",
        "@turf/inside": "^4.5.2",
        "@turf/within": "^4.5.0",
        "debug": "^2.6.3",
        "geojson-polygon-self-intersections": "^1.2.1",
        "rbush": "^2.0.1"
      }
    },
    "wgs84": {
      "version": "0.0.0",
      "resolved": "https://registry.npmjs.org/wgs84/-/wgs84-0.0.0.tgz",
      "integrity": "sha1-NP3FVZF7blfPKigu0ENxDASc3HY="
    }
  }
}
